{
  "name": "lab-notebook",
  "lockfileVersion": 3,
  "requires": true,
  "packages": {
    "": {
      "dependencies": {
        "adler-32": "^1.3.1",
        "marked": "^5.0.0",
        "xml-beautify": "^1.2.3",
        "xml-formatter": "^3.3.2"
      }
    },
    "node_modules/adler-32": {
      "version": "1.3.1",
      "resolved": "https://registry.npmjs.org/adler-32/-/adler-32-1.3.1.tgz",
      "integrity": "sha512-ynZ4w/nUUv5rrsR8UUGoe1VC9hZj6V5hU9Qw1HlMDJGEJw5S7TfTErWTjMys6M7vr0YWcPqs3qAr4ss0nDfP+A==",
      "engines": {
        "node": ">=0.8"
      }
    },
    "node_modules/marked": {
      "version": "5.0.0",
      "resolved": "https://registry.npmjs.org/marked/-/marked-5.0.0.tgz",
      "integrity": "sha512-YQ6+L9l/NSBDjFgCQQebmTCc62EUdZ5RpIZ7A/FmC8IYMB5s7Cz8sT7imuMAkbIL4CvXpQLdW45fpK5UwiU7DA==",
      "bin": {
        "marked": "bin/marked.js"
      },
      "engines": {
        "node": ">= 18"
      }
    },
    "node_modules/xml-beautify": {
      "version": "1.2.3",
      "resolved": "https://registry.npmjs.org/xml-beautify/-/xml-beautify-1.2.3.tgz",
      "integrity": "sha512-VsYpkqoVawIP84pi00XukPsgQHqOhgrpwTHlXqqRMAgYZ1u+Yw3KHIUhO1Igf19d5CQ5h6ExJT1hFCJRLmzADg=="
    },
    "node_modules/xml-formatter": {
      "version": "3.3.2",
      "resolved": "https://registry.npmjs.org/xml-formatter/-/xml-formatter-3.3.2.tgz",
      "integrity": "sha512-ld34F1b7+2UQGNkfsAV4MN3/b7cdUstyMj3XJhzKFasOPtMToVCkqmrNcmrRuSlPxgH1K9tXPkqr75gAT3ix2g==",
      "dependencies": {
        "xml-parser-xo": "^4.0.3"
      },
      "engines": {
        "node": ">= 14"
      }
    },
    "node_modules/xml-parser-xo": {
      "version": "4.0.5",
      "resolved": "https://registry.npmjs.org/xml-parser-xo/-/xml-parser-xo-4.0.5.tgz",
      "integrity": "sha512-UWXOHMQ4ySxpUiU3S/9KzPOhninlL8SN1xFfWgX9WjgoZWoLKtEeJIEz4jhKtdFsoZBCYjg9rDEP3qfnpiHagQ==",
      "engines": {
        "node": ">= 14"
      }
    }
  }
}
